{
  "lockfileVersion": 1,
  "workspaces": {
    "": {
      "name": "moltearn",
      "dependencies": {
        "@polymarket/clob-client": "^3.0.0",
        "ethers": "^5.8.0",
        "tslib": "^2.8.1",
      },
      "devDependencies": {
        "@biomejs/biome": "^2.3.13",
        "@cloudflare/workers-types": "latest",
        "@types/bun": "latest",
        "@types/node": "latest",
        "wrangler": "latest",
      },
      "peerDependencies": {
        "typescript": "^5",
      },
    },
  },
  "packages": {
    "@biomejs/biome": ["@biomejs/biome@2.3.13", "", { "optionalDependencies": { "@biomejs/cli-darwin-arm64": "2.3.13", "@biomejs/cli-darwin-x64": "2.3.13", "@biomejs/cli-linux-arm64": "2.3.13", "@biomejs/cli-linux-arm64-musl": "2.3.13", "@biomejs/cli-linux-x64": "2.3.13", "@biomejs/cli-linux-x64-musl": "2.3.13", "@biomejs/cli-win32-arm64": "2.3.13", "@biomejs/cli-win32-x64": "2.3.13" }, "bin": { "biome": "bin/biome" } }, "sha512-Fw7UsV0UAtWIBIm0M7g5CRerpu1eKyKAXIazzxhbXYUyMkwNrkX/KLkGI7b+uVDQ5cLUMfOC9vR60q9IDYDstA=="],

    "@biomejs/cli-darwin-arm64": ["@biomejs/cli-darwin-arm64@2.3.13", "", { "os": "darwin", "cpu": "arm64" }, "sha512-0OCwP0/BoKzyJHnFdaTk/i7hIP9JHH9oJJq6hrSCPmJPo8JWcJhprK4gQlhFzrwdTBAW4Bjt/RmCf3ZZe59gwQ=="],

    "@biomejs/cli-darwin-x64": ["@biomejs/cli-darwin-x64@2.3.13", "", { "os": "darwin", "cpu": "x64" }, "sha512-AGr8OoemT/ejynbIu56qeil2+F2WLkIjn2d8jGK1JkchxnMUhYOfnqc9sVzcRxpG9Ycvw4weQ5sprRvtb7Yhcw=="],

    "@biomejs/cli-linux-arm64": ["@biomejs/cli-linux-arm64@2.3.13", "", { "os": "linux", "cpu": "arm64" }, "sha512-xvOiFkrDNu607MPMBUQ6huHmBG1PZLOrqhtK6pXJW3GjfVqJg0Z/qpTdhXfcqWdSZHcT+Nct2fOgewZvytESkw=="],

    "@biomejs/cli-linux-arm64-musl": ["@biomejs/cli-linux-arm64-musl@2.3.13", "", { "os": "linux", "cpu": "arm64" }, "sha512-TUdDCSY+Eo/EHjhJz7P2GnWwfqet+lFxBZzGHldrvULr59AgahamLs/N85SC4+bdF86EhqDuuw9rYLvLFWWlXA=="],

    "@biomejs/cli-linux-x64": ["@biomejs/cli-linux-x64@2.3.13", "", { "os": "linux", "cpu": "x64" }, "sha512-s+YsZlgiXNq8XkgHs6xdvKDFOj/bwTEevqEY6rC2I3cBHbxXYU1LOZstH3Ffw9hE5tE1sqT7U23C00MzkXztMw=="],

    "@biomejs/cli-linux-x64-musl": ["@biomejs/cli-linux-x64-musl@2.3.13", "", { "os": "linux", "cpu": "x64" }, "sha512-0bdwFVSbbM//Sds6OjtnmQGp4eUjOTt6kHvR/1P0ieR9GcTUAlPNvPC3DiavTqq302W34Ae2T6u5VVNGuQtGlQ=="],

    "@biomejs/cli-win32-arm64": ["@biomejs/cli-win32-arm64@2.3.13", "", { "os": "win32", "cpu": "arm64" }, "sha512-QweDxY89fq0VvrxME+wS/BXKmqMrOTZlN9SqQ79kQSIc3FrEwvW/PvUegQF6XIVaekncDykB5dzPqjbwSKs9DA=="],

    "@biomejs/cli-win32-x64": ["@biomejs/cli-win32-x64@2.3.13", "", { "os": "win32", "cpu": "x64" }, "sha512-trDw2ogdM2lyav9WFQsdsfdVy1dvZALymRpgmWsvSez0BJzBjulhOT/t+wyKeh3pZWvwP3VMs1SoOKwO3wecMQ=="],

    "@cloudflare/kv-asset-handler": ["@cloudflare/kv-asset-handler@0.4.2", "", {}, "sha512-SIOD2DxrRRwQ+jgzlXCqoEFiKOFqaPjhnNTGKXSRLvp1HiOvapLaFG2kEr9dYQTYe8rKrd9uvDUzmAITeNyaHQ=="],

    "@cloudflare/unenv-preset": ["@cloudflare/unenv-preset@2.12.0", "", { "peerDependencies": { "unenv": "2.0.0-rc.24", "workerd": "^1.20260115.0" }, "optionalPeers": ["workerd"] }, "sha512-NK4vN+2Z/GbfGS4BamtbbVk1rcu5RmqaYGiyHJQrA09AoxdZPHDF3W/EhgI0YSK8p3vRo/VNCtbSJFPON7FWMQ=="],

    "@cloudflare/workerd-darwin-64": ["@cloudflare/workerd-darwin-64@1.20260128.0", "", { "os": "darwin", "cpu": "x64" }, "sha512-XJN8zWWNG3JwAUqqwMLNKJ9fZfdlQkx/zTTHW/BB8wHat9LjKD6AzxqCu432YmfjR+NxEKCzUOxMu1YOxlVxmg=="],

    "@cloudflare/workerd-darwin-arm64": ["@cloudflare/workerd-darwin-arm64@1.20260128.0", "", { "os": "darwin", "cpu": "arm64" }, "sha512-vKnRcmnm402GQ5DOdfT5H34qeR2m07nhnTtky8mTkNWP+7xmkz32AMdclwMmfO/iX9ncyKwSqmml2wPG32eq/w=="],

    "@cloudflare/workerd-linux-64": ["@cloudflare/workerd-linux-64@1.20260128.0", "", { "os": "linux", "cpu": "x64" }, "sha512-RiaR+Qugof/c6oI5SagD2J5wJmIfI8wQWaV2Y9905Raj6sAYOFaEKfzkKnoLLLNYb4NlXicBrffJi1j7R/ypUA=="],

    "@cloudflare/workerd-linux-arm64": ["@cloudflare/workerd-linux-arm64@1.20260128.0", "", { "os": "linux", "cpu": "arm64" }, "sha512-U39U9vcXLXYDbrJ112Q7D0LDUUnM54oXfAxPgrL2goBwio7Z6RnsM25TRvm+Q06F4+FeDOC4D51JXlFHb9t1OA=="],

    "@cloudflare/workerd-windows-64": ["@cloudflare/workerd-windows-64@1.20260128.0", "", { "os": "win32", "cpu": "x64" }, "sha512-fdJwSqRkJsAJFJ7+jy0th2uMO6fwaDA8Ny6+iFCssfzlNkc4dP/twXo+3F66FMLMe/6NIqjzVts0cpiv7ERYbQ=="],

    "@cloudflare/workers-types": ["@cloudflare/workers-types@4.20260131.0", "", {}, "sha512-ELgvb2mp68Al50p+FmpgCO2hgU5o4tmz8pi7kShN+cRXc0UZoEdxpDIikR0CeT7b3tV7wlnEnsUzd0UoJLS0oQ=="],

    "@cspotcode/source-map-support": ["@cspotcode/source-map-support@0.8.1", "", { "dependencies": { "@jridgewell/trace-mapping": "0.3.9" } }, "sha512-IchNf6dN4tHoMFIn/7OE8LWZ19Y6q/67Bmf6vnGREv8RSbBVb9LPJxEcnwrcwX6ixSvaiGoomAUvu4YSxXrVgw=="],

    "@emnapi/runtime": ["@emnapi/runtime@1.8.1", "", { "dependencies": { "tslib": "^2.4.0" } }, "sha512-mehfKSMWjjNol8659Z8KxEMrdSJDDot5SXMq00dM8BN4o+CLNXQ0xH2V7EchNHV4RmbZLmmPdEaXZc5H2FXmDg=="],

    "@esbuild/aix-ppc64": ["@esbuild/aix-ppc64@0.27.0", "", { "os": "aix", "cpu": "ppc64" }, "sha512-KuZrd2hRjz01y5JK9mEBSD3Vj3mbCvemhT466rSuJYeE/hjuBrHfjjcjMdTm/sz7au+++sdbJZJmuBwQLuw68A=="],

    "@esbuild/android-arm": ["@esbuild/android-arm@0.27.0", "", { "os": "android", "cpu": "arm" }, "sha512-j67aezrPNYWJEOHUNLPj9maeJte7uSMM6gMoxfPC9hOg8N02JuQi/T7ewumf4tNvJadFkvLZMlAq73b9uwdMyQ=="],

    "@esbuild/android-arm64": ["@esbuild/android-arm64@0.27.0", "", { "os": "android", "cpu": "arm64" }, "sha512-CC3vt4+1xZrs97/PKDkl0yN7w8edvU2vZvAFGD16n9F0Cvniy5qvzRXjfO1l94efczkkQE6g1x0i73Qf5uthOQ=="],

    "@esbuild/android-x64": ["@esbuild/android-x64@0.27.0", "", { "os": "android", "cpu": "x64" }, "sha512-wurMkF1nmQajBO1+0CJmcN17U4BP6GqNSROP8t0X/Jiw2ltYGLHpEksp9MpoBqkrFR3kv2/te6Sha26k3+yZ9Q=="],

    "@esbuild/darwin-arm64": ["@esbuild/darwin-arm64@0.27.0", "", { "os": "darwin", "cpu": "arm64" }, "sha512-uJOQKYCcHhg07DL7i8MzjvS2LaP7W7Pn/7uA0B5S1EnqAirJtbyw4yC5jQ5qcFjHK9l6o/MX9QisBg12kNkdHg=="],

    "@esbuild/darwin-x64": ["@esbuild/darwin-x64@0.27.0", "", { "os": "darwin", "cpu": "x64" }, "sha512-8mG6arH3yB/4ZXiEnXof5MK72dE6zM9cDvUcPtxhUZsDjESl9JipZYW60C3JGreKCEP+p8P/72r69m4AZGJd5g=="],

    "@esbuild/freebsd-arm64": ["@esbuild/freebsd-arm64@0.27.0", "", { "os": "freebsd", "cpu": "arm64" }, "sha512-9FHtyO988CwNMMOE3YIeci+UV+x5Zy8fI2qHNpsEtSF83YPBmE8UWmfYAQg6Ux7Gsmd4FejZqnEUZCMGaNQHQw=="],

    "@esbuild/freebsd-x64": ["@esbuild/freebsd-x64@0.27.0", "", { "os": "freebsd", "cpu": "x64" }, "sha512-zCMeMXI4HS/tXvJz8vWGexpZj2YVtRAihHLk1imZj4efx1BQzN76YFeKqlDr3bUWI26wHwLWPd3rwh6pe4EV7g=="],

    "@esbuild/linux-arm": ["@esbuild/linux-arm@0.27.0", "", { "os": "linux", "cpu": "arm" }, "sha512-t76XLQDpxgmq2cNXKTVEB7O7YMb42atj2Re2Haf45HkaUpjM2J0UuJZDuaGbPbamzZ7bawyGFUkodL+zcE+jvQ=="],

    "@esbuild/linux-arm64": ["@esbuild/linux-arm64@0.27.0", "", { "os": "linux", "cpu": "arm64" }, "sha512-AS18v0V+vZiLJyi/4LphvBE+OIX682Pu7ZYNsdUHyUKSoRwdnOsMf6FDekwoAFKej14WAkOef3zAORJgAtXnlQ=="],

    "@esbuild/linux-ia32": ["@esbuild/linux-ia32@0.27.0", "", { "os": "linux", "cpu": "ia32" }, "sha512-Mz1jxqm/kfgKkc/KLHC5qIujMvnnarD9ra1cEcrs7qshTUSksPihGrWHVG5+osAIQ68577Zpww7SGapmzSt4Nw=="],

    "@esbuild/linux-loong64": ["@esbuild/linux-loong64@0.27.0", "", { "os": "linux", "cpu": "none" }, "sha512-QbEREjdJeIreIAbdG2hLU1yXm1uu+LTdzoq1KCo4G4pFOLlvIspBm36QrQOar9LFduavoWX2msNFAAAY9j4BDg=="],

    "@esbuild/linux-mips64el": ["@esbuild/linux-mips64el@0.27.0", "", { "os": "linux", "cpu": "none" }, "sha512-sJz3zRNe4tO2wxvDpH/HYJilb6+2YJxo/ZNbVdtFiKDufzWq4JmKAiHy9iGoLjAV7r/W32VgaHGkk35cUXlNOg=="],

    "@esbuild/linux-ppc64": ["@esbuild/linux-ppc64@0.27.0", "", { "os": "linux", "cpu": "ppc64" }, "sha512-z9N10FBD0DCS2dmSABDBb5TLAyF1/ydVb+N4pi88T45efQ/w4ohr/F/QYCkxDPnkhkp6AIpIcQKQ8F0ANoA2JA=="],

    "@esbuild/linux-riscv64": ["@esbuild/linux-riscv64@0.27.0", "", { "os": "linux", "cpu": "none" }, "sha512-pQdyAIZ0BWIC5GyvVFn5awDiO14TkT/19FTmFcPdDec94KJ1uZcmFs21Fo8auMXzD4Tt+diXu1LW1gHus9fhFQ=="],

    "@esbuild/linux-s390x": ["@esbuild/linux-s390x@0.27.0", "", { "os": "linux", "cpu": "s390x" }, "sha512-hPlRWR4eIDDEci953RI1BLZitgi5uqcsjKMxwYfmi4LcwyWo2IcRP+lThVnKjNtk90pLS8nKdroXYOqW+QQH+w=="],

    "@esbuild/linux-x64": ["@esbuild/linux-x64@0.27.0", "", { "os": "linux", "cpu": "x64" }, "sha512-1hBWx4OUJE2cab++aVZ7pObD6s+DK4mPGpemtnAORBvb5l/g5xFGk0vc0PjSkrDs0XaXj9yyob3d14XqvnQ4gw=="],

    "@esbuild/netbsd-arm64": ["@esbuild/netbsd-arm64@0.27.0", "", { "os": "none", "cpu": "arm64" }, "sha512-6m0sfQfxfQfy1qRuecMkJlf1cIzTOgyaeXaiVaaki8/v+WB+U4hc6ik15ZW6TAllRlg/WuQXxWj1jx6C+dfy3w=="],

    "@esbuild/netbsd-x64": ["@esbuild/netbsd-x64@0.27.0", "", { "os": "none", "cpu": "x64" }, "sha512-xbbOdfn06FtcJ9d0ShxxvSn2iUsGd/lgPIO2V3VZIPDbEaIj1/3nBBe1AwuEZKXVXkMmpr6LUAgMkLD/4D2PPA=="],

    "@esbuild/openbsd-arm64": ["@esbuild/openbsd-arm64@0.27.0", "", { "os": "openbsd", "cpu": "arm64" }, "sha512-fWgqR8uNbCQ/GGv0yhzttj6sU/9Z5/Sv/VGU3F5OuXK6J6SlriONKrQ7tNlwBrJZXRYk5jUhuWvF7GYzGguBZQ=="],

    "@esbuild/openbsd-x64": ["@esbuild/openbsd-x64@0.27.0", "", { "os": "openbsd", "cpu": "x64" }, "sha512-aCwlRdSNMNxkGGqQajMUza6uXzR/U0dIl1QmLjPtRbLOx3Gy3otfFu/VjATy4yQzo9yFDGTxYDo1FfAD9oRD2A=="],

    "@esbuild/openharmony-arm64": ["@esbuild/openharmony-arm64@0.27.0", "", { "os": "none", "cpu": "arm64" }, "sha512-nyvsBccxNAsNYz2jVFYwEGuRRomqZ149A39SHWk4hV0jWxKM0hjBPm3AmdxcbHiFLbBSwG6SbpIcUbXjgyECfA=="],

    "@esbuild/sunos-x64": ["@esbuild/sunos-x64@0.27.0", "", { "os": "sunos", "cpu": "x64" }, "sha512-Q1KY1iJafM+UX6CFEL+F4HRTgygmEW568YMqDA5UV97AuZSm21b7SXIrRJDwXWPzr8MGr75fUZPV67FdtMHlHA=="],

    "@esbuild/win32-arm64": ["@esbuild/win32-arm64@0.27.0", "", { "os": "win32", "cpu": "arm64" }, "sha512-W1eyGNi6d+8kOmZIwi/EDjrL9nxQIQ0MiGqe/AWc6+IaHloxHSGoeRgDRKHFISThLmsewZ5nHFvGFWdBYlgKPg=="],

    "@esbuild/win32-ia32": ["@esbuild/win32-ia32@0.27.0", "", { "os": "win32", "cpu": "ia32" }, "sha512-30z1aKL9h22kQhilnYkORFYt+3wp7yZsHWus+wSKAJR8JtdfI76LJ4SBdMsCopTR3z/ORqVu5L1vtnHZWVj4cQ=="],

    "@esbuild/win32-x64": ["@esbuild/win32-x64@0.27.0", "", { "os": "win32", "cpu": "x64" }, "sha512-aIitBcjQeyOhMTImhLZmtxfdOcuNRpwlPNmlFKPcHQYPhEssw75Cl1TSXJXpMkzaua9FUetx/4OQKq7eJul5Cg=="],

    "@ethereumjs/rlp": ["@ethereumjs/rlp@4.0.1", "", { "bin": { "rlp": "bin/rlp" } }, "sha512-tqsQiBQDQdmPWE1xkkBq4rlSW5QZpLOUJ5RJh2/9fug+q9tnUhuZoVLk7s0scUIKTOzEtR72DFBXI4WiZcMpvw=="],

    "@ethereumjs/util": ["@ethereumjs/util@8.1.0", "", { "dependencies": { "@ethereumjs/rlp": "^4.0.1", "ethereum-cryptography": "^2.0.0", "micro-ftch": "^0.3.1" } }, "sha512-zQ0IqbdX8FZ9aw11vP+dZkKDkS+kgIvQPHnSAXzP9pLu+Rfu3D3XEeLbicvoXJTYnhZiPmsZUxgdzXwNKxRPbA=="],

    "@ethersproject/abi": ["@ethersproject/abi@5.8.0", "", { "dependencies": { "@ethersproject/address": "^5.8.0", "@ethersproject/bignumber": "^5.8.0", "@ethersproject/bytes": "^5.8.0", "@ethersproject/constants": "^5.8.0", "@ethersproject/hash": "^5.8.0", "@ethersproject/keccak256": "^5.8.0", "@ethersproject/logger": "^5.8.0", "@ethersproject/properties": "^5.8.0", "@ethersproject/strings": "^5.8.0" } }, "sha512-b9YS/43ObplgyV6SlyQsG53/vkSal0MNA1fskSC4mbnCMi8R+NkcH8K9FPYNESf6jUefBUniE4SOKms0E/KK1Q=="],

    "@ethersproject/abstract-provider": ["@ethersproject/abstract-provider@5.8.0", "", { "dependencies": { "@ethersproject/bignumber": "^5.8.0", "@ethersproject/bytes": "^5.8.0", "@ethersproject/logger": "^5.8.0", "@ethersproject/networks": "^5.8.0", "@ethersproject/properties": "^5.8.0", "@ethersproject/transactions": "^5.8.0", "@ethersproject/web": "^5.8.0" } }, "sha512-wC9SFcmh4UK0oKuLJQItoQdzS/qZ51EJegK6EmAWlh+OptpQ/npECOR3QqECd8iGHC0RJb4WKbVdSfif4ammrg=="],

    "@ethersproject/abstract-signer": ["@ethersproject/abstract-signer@5.8.0", "", { "dependencies": { "@ethersproject/abstract-provider": "^5.8.0", "@ethersproject/bignumber": "^5.8.0", "@ethersproject/bytes": "^5.8.0", "@ethersproject/logger": "^5.8.0", "@ethersproject/properties": "^5.8.0" } }, "sha512-N0XhZTswXcmIZQdYtUnd79VJzvEwXQw6PK0dTl9VoYrEBxxCPXqS0Eod7q5TNKRxe1/5WUMuR0u0nqTF/avdCA=="],

    "@ethersproject/address": ["@ethersproject/address@5.8.0", "", { "dependencies": { "@ethersproject/bignumber": "^5.8.0", "@ethersproject/bytes": "^5.8.0", "@ethersproject/keccak256": "^5.8.0", "@ethersproject/logger": "^5.8.0", "@ethersproject/rlp": "^5.8.0" } }, "sha512-GhH/abcC46LJwshoN+uBNoKVFPxUuZm6dA257z0vZkKmU1+t8xTn8oK7B9qrj8W2rFRMch4gbJl6PmVxjxBEBA=="],

    "@ethersproject/base64": ["@ethersproject/base64@5.8.0", "", { "dependencies": { "@ethersproject/bytes": "^5.8.0" } }, "sha512-lN0oIwfkYj9LbPx4xEkie6rAMJtySbpOAFXSDVQaBnAzYfB4X2Qr+FXJGxMoc3Bxp2Sm8OwvzMrywxyw0gLjIQ=="],

    "@ethersproject/basex": ["@ethersproject/basex@5.8.0", "", { "dependencies": { "@ethersproject/bytes": "^5.8.0", "@ethersproject/properties": "^5.8.0" } }, "sha512-PIgTszMlDRmNwW9nhS6iqtVfdTAKosA7llYXNmGPw4YAI1PUyMv28988wAb41/gHF/WqGdoLv0erHaRcHRKW2Q=="],

    "@ethersproject/bignumber": ["@ethersproject/bignumber@5.8.0", "", { "dependencies": { "@ethersproject/bytes": "^5.8.0", "@ethersproject/logger": "^5.8.0", "bn.js": "^5.2.1" } }, "sha512-ZyaT24bHaSeJon2tGPKIiHszWjD/54Sz8t57Toch475lCLljC6MgPmxk7Gtzz+ddNN5LuHea9qhAe0x3D+uYPA=="],

    "@ethersproject/bytes": ["@ethersproject/bytes@5.8.0", "", { "dependencies": { "@ethersproject/logger": "^5.8.0" } }, "sha512-vTkeohgJVCPVHu5c25XWaWQOZ4v+DkGoC42/TS2ond+PARCxTJvgTFUNDZovyQ/uAQ4EcpqqowKydcdmRKjg7A=="],

    "@ethersproject/constants": ["@ethersproject/constants@5.8.0", "", { "dependencies": { "@ethersproject/bignumber": "^5.8.0" } }, "sha512-wigX4lrf5Vu+axVTIvNsuL6YrV4O5AXl5ubcURKMEME5TnWBouUh0CDTWxZ2GpnRn1kcCgE7l8O5+VbV9QTTcg=="],

    "@ethersproject/contracts": ["@ethersproject/contracts@5.8.0", "", { "dependencies": { "@ethersproject/abi": "^5.8.0", "@ethersproject/abstract-provider": "^5.8.0", "@ethersproject/abstract-signer": "^5.8.0", "@ethersproject/address": "^5.8.0", "@ethersproject/bignumber": "^5.8.0", "@ethersproject/bytes": "^5.8.0", "@ethersproject/constants": "^5.8.0", "@ethersproject/logger": "^5.8.0", "@ethersproject/properties": "^5.8.0", "@ethersproject/transactions": "^5.8.0" } }, "sha512-0eFjGz9GtuAi6MZwhb4uvUM216F38xiuR0yYCjKJpNfSEy4HUM8hvqqBj9Jmm0IUz8l0xKEhWwLIhPgxNY0yvQ=="],

    "@ethersproject/hash": ["@ethersproject/hash@5.8.0", "", { "dependencies": { "@ethersproject/abstract-signer": "^5.8.0", "@ethersproject/address": "^5.8.0", "@ethersproject/base64": "^5.8.0", "@ethersproject/bignumber": "^5.8.0", "@ethersproject/bytes": "^5.8.0", "@ethersproject/keccak256": "^5.8.0", "@ethersproject/logger": "^5.8.0", "@ethersproject/properties": "^5.8.0", "@ethersproject/strings": "^5.8.0" } }, "sha512-ac/lBcTbEWW/VGJij0CNSw/wPcw9bSRgCB0AIBz8CvED/jfvDoV9hsIIiWfvWmFEi8RcXtlNwp2jv6ozWOsooA=="],

    "@ethersproject/hdnode": ["@ethersproject/hdnode@5.8.0", "", { "dependencies": { "@ethersproject/abstract-signer": "^5.8.0", "@ethersproject/basex": "^5.8.0", "@ethersproject/bignumber": "^5.8.0", "@ethersproject/bytes": "^5.8.0", "@ethersproject/logger": "^5.8.0", "@ethersproject/pbkdf2": "^5.8.0", "@ethersproject/properties": "^5.8.0", "@ethersproject/sha2": "^5.8.0", "@ethersproject/signing-key": "^5.8.0", "@ethersproject/strings": "^5.8.0", "@ethersproject/transactions": "^5.8.0", "@ethersproject/wordlists": "^5.8.0" } }, "sha512-4bK1VF6E83/3/Im0ERnnUeWOY3P1BZml4ZD3wcH8Ys0/d1h1xaFt6Zc+Dh9zXf9TapGro0T4wvO71UTCp3/uoA=="],

    "@ethersproject/json-wallets": ["@ethersproject/json-wallets@5.8.0", "", { "dependencies": { "@ethersproject/abstract-signer": "^5.8.0", "@ethersproject/address": "^5.8.0", "@ethersproject/bytes": "^5.8.0", "@ethersproject/hdnode": "^5.8.0", "@ethersproject/keccak256": "^5.8.0", "@ethersproject/logger": "^5.8.0", "@ethersproject/pbkdf2": "^5.8.0", "@ethersproject/properties": "^5.8.0", "@ethersproject/random": "^5.8.0", "@ethersproject/strings": "^5.8.0", "@ethersproject/transactions": "^5.8.0", "aes-js": "3.0.0", "scrypt-js": "3.0.1" } }, "sha512-HxblNck8FVUtNxS3VTEYJAcwiKYsBIF77W15HufqlBF9gGfhmYOJtYZp8fSDZtn9y5EaXTE87zDwzxRoTFk11w=="],

    "@ethersproject/keccak256": ["@ethersproject/keccak256@5.8.0", "", { "dependencies": { "@ethersproject/bytes": "^5.8.0", "js-sha3": "0.8.0" } }, "sha512-A1pkKLZSz8pDaQ1ftutZoaN46I6+jvuqugx5KYNeQOPqq+JZ0Txm7dlWesCHB5cndJSu5vP2VKptKf7cksERng=="],

    "@ethersproject/logger": ["@ethersproject/logger@5.8.0", "", {}, "sha512-Qe6knGmY+zPPWTC+wQrpitodgBfH7XoceCGL5bJVejmH+yCS3R8jJm8iiWuvWbG76RUmyEG53oqv6GMVWqunjA=="],

    "@ethersproject/networks": ["@ethersproject/networks@5.8.0", "", { "dependencies": { "@ethersproject/logger": "^5.8.0" } }, "sha512-egPJh3aPVAzbHwq8DD7Po53J4OUSsA1MjQp8Vf/OZPav5rlmWUaFLiq8cvQiGK0Z5K6LYzm29+VA/p4RL1FzNg=="],

    "@ethersproject/pbkdf2": ["@ethersproject/pbkdf2@5.8.0", "", { "dependencies": { "@ethersproject/bytes": "^5.8.0", "@ethersproject/sha2": "^5.8.0" } }, "sha512-wuHiv97BrzCmfEaPbUFpMjlVg/IDkZThp9Ri88BpjRleg4iePJaj2SW8AIyE8cXn5V1tuAaMj6lzvsGJkGWskg=="],

    "@ethersproject/properties": ["@ethersproject/properties@5.8.0", "", { "dependencies": { "@ethersproject/logger": "^5.8.0" } }, "sha512-PYuiEoQ+FMaZZNGrStmN7+lWjlsoufGIHdww7454FIaGdbe/p5rnaCXTr5MtBYl3NkeoVhHZuyzChPeGeKIpQw=="],

    "@ethersproject/providers": ["@ethersproject/providers@5.8.0", "", { "dependencies": { "@ethersproject/abstract-provider": "^5.8.0", "@ethersproject/abstract-signer": "^5.8.0", "@ethersproject/address": "^5.8.0", "@ethersproject/base64": "^5.8.0", "@ethersproject/basex": "^5.8.0", "@ethersproject/bignumber": "^5.8.0", "@ethersproject/bytes": "^5.8.0", "@ethersproject/constants": "^5.8.0", "@ethersproject/hash": "^5.8.0", "@ethersproject/logger": "^5.8.0", "@ethersproject/networks": "^5.8.0", "@ethersproject/properties": "^5.8.0", "@ethersproject/random": "^5.8.0", "@ethersproject/rlp": "^5.8.0", "@ethersproject/sha2": "^5.8.0", "@ethersproject/strings": "^5.8.0", "@ethersproject/transactions": "^5.8.0", "@ethersproject/web": "^5.8.0", "bech32": "1.1.4", "ws": "8.18.0" } }, "sha512-3Il3oTzEx3o6kzcg9ZzbE+oCZYyY+3Zh83sKkn4s1DZfTUjIegHnN2Cm0kbn9YFy45FDVcuCLLONhU7ny0SsCw=="],

    "@ethersproject/random": ["@ethersproject/random@5.8.0", "", { "dependencies": { "@ethersproject/bytes": "^5.8.0", "@ethersproject/logger": "^5.8.0" } }, "sha512-E4I5TDl7SVqyg4/kkA/qTfuLWAQGXmSOgYyO01So8hLfwgKvYK5snIlzxJMk72IFdG/7oh8yuSqY2KX7MMwg+A=="],

    "@ethersproject/rlp": ["@ethersproject/rlp@5.8.0", "", { "dependencies": { "@ethersproject/bytes": "^5.8.0", "@ethersproject/logger": "^5.8.0" } }, "sha512-LqZgAznqDbiEunaUvykH2JAoXTT9NV0Atqk8rQN9nx9SEgThA/WMx5DnW8a9FOufo//6FZOCHZ+XiClzgbqV9Q=="],

    "@ethersproject/sha2": ["@ethersproject/sha2@5.8.0", "", { "dependencies": { "@ethersproject/bytes": "^5.8.0", "@ethersproject/logger": "^5.8.0", "hash.js": "1.1.7" } }, "sha512-dDOUrXr9wF/YFltgTBYS0tKslPEKr6AekjqDW2dbn1L1xmjGR+9GiKu4ajxovnrDbwxAKdHjW8jNcwfz8PAz4A=="],

    "@ethersproject/signing-key": ["@ethersproject/signing-key@5.8.0", "", { "dependencies": { "@ethersproject/bytes": "^5.8.0", "@ethersproject/logger": "^5.8.0", "@ethersproject/properties": "^5.8.0", "bn.js": "^5.2.1", "elliptic": "6.6.1", "hash.js": "1.1.7" } }, "sha512-LrPW2ZxoigFi6U6aVkFN/fa9Yx/+4AtIUe4/HACTvKJdhm0eeb107EVCIQcrLZkxaSIgc/eCrX8Q1GtbH+9n3w=="],

    "@ethersproject/solidity": ["@ethersproject/solidity@5.8.0", "", { "dependencies": { "@ethersproject/bignumber": "^5.8.0", "@ethersproject/bytes": "^5.8.0", "@ethersproject/keccak256": "^5.8.0", "@ethersproject/logger": "^5.8.0", "@ethersproject/sha2": "^5.8.0", "@ethersproject/strings": "^5.8.0" } }, "sha512-4CxFeCgmIWamOHwYN9d+QWGxye9qQLilpgTU0XhYs1OahkclF+ewO+3V1U0mvpiuQxm5EHHmv8f7ClVII8EHsA=="],

    "@ethersproject/strings": ["@ethersproject/strings@5.8.0", "", { "dependencies": { "@ethersproject/bytes": "^5.8.0", "@ethersproject/constants": "^5.8.0", "@ethersproject/logger": "^5.8.0" } }, "sha512-qWEAk0MAvl0LszjdfnZ2uC8xbR2wdv4cDabyHiBh3Cldq/T8dPH3V4BbBsAYJUeonwD+8afVXld274Ls+Y1xXg=="],

    "@ethersproject/transactions": ["@ethersproject/transactions@5.8.0", "", { "dependencies": { "@ethersproject/address": "^5.8.0", "@ethersproject/bignumber": "^5.8.0", "@ethersproject/bytes": "^5.8.0", "@ethersproject/constants": "^5.8.0", "@ethersproject/keccak256": "^5.8.0", "@ethersproject/logger": "^5.8.0", "@ethersproject/properties": "^5.8.0", "@ethersproject/rlp": "^5.8.0", "@ethersproject/signing-key": "^5.8.0" } }, "sha512-UglxSDjByHG0TuU17bDfCemZ3AnKO2vYrL5/2n2oXvKzvb7Cz+W9gOWXKARjp2URVwcWlQlPOEQyAviKwT4AHg=="],

    "@ethersproject/units": ["@ethersproject/units@5.8.0", "", { "dependencies": { "@ethersproject/bignumber": "^5.8.0", "@ethersproject/constants": "^5.8.0", "@ethersproject/logger": "^5.8.0" } }, "sha512-lxq0CAnc5kMGIiWW4Mr041VT8IhNM+Pn5T3haO74XZWFulk7wH1Gv64HqE96hT4a7iiNMdOCFEBgaxWuk8ETKQ=="],

    "@ethersproject/wallet": ["@ethersproject/wallet@5.8.0", "", { "dependencies": { "@ethersproject/abstract-provider": "^5.8.0", "@ethersproject/abstract-signer": "^5.8.0", "@ethersproject/address": "^5.8.0", "@ethersproject/bignumber": "^5.8.0", "@ethersproject/bytes": "^5.8.0", "@ethersproject/hash": "^5.8.0", "@ethersproject/hdnode": "^5.8.0", "@ethersproject/json-wallets": "^5.8.0", "@ethersproject/keccak256": "^5.8.0", "@ethersproject/logger": "^5.8.0", "@ethersproject/properties": "^5.8.0", "@ethersproject/random": "^5.8.0", "@ethersproject/signing-key": "^5.8.0", "@ethersproject/transactions": "^5.8.0", "@ethersproject/wordlists": "^5.8.0" } }, "sha512-G+jnzmgg6UxurVKRKvw27h0kvG75YKXZKdlLYmAHeF32TGUzHkOFd7Zn6QHOTYRFWnfjtSSFjBowKo7vfrXzPA=="],

    "@ethersproject/web": ["@ethersproject/web@5.8.0", "", { "dependencies": { "@ethersproject/base64": "^5.8.0", "@ethersproject/bytes": "^5.8.0", "@ethersproject/logger": "^5.8.0", "@ethersproject/properties": "^5.8.0", "@ethersproject/strings": "^5.8.0" } }, "sha512-j7+Ksi/9KfGviws6Qtf9Q7KCqRhpwrYKQPs+JBA/rKVFF/yaWLHJEH3zfVP2plVu+eys0d2DlFmhoQJayFewcw=="],

    "@ethersproject/wordlists": ["@ethersproject/wordlists@5.8.0", "", { "dependencies": { "@ethersproject/bytes": "^5.8.0", "@ethersproject/hash": "^5.8.0", "@ethersproject/logger": "^5.8.0", "@ethersproject/properties": "^5.8.0", "@ethersproject/strings": "^5.8.0" } }, "sha512-2df9bbXicZws2Sb5S6ET493uJ0Z84Fjr3pC4tu/qlnZERibZCeUVuqdtt+7Tv9xxhUxHoIekIA7avrKUWHrezg=="],

    "@img/colour": ["@img/colour@1.0.0", "", {}, "sha512-A5P/LfWGFSl6nsckYtjw9da+19jB8hkJ6ACTGcDfEJ0aE+l2n2El7dsVM7UVHZQ9s2lmYMWlrS21YLy2IR1LUw=="],

    "@img/sharp-darwin-arm64": ["@img/sharp-darwin-arm64@0.34.5", "", { "optionalDependencies": { "@img/sharp-libvips-darwin-arm64": "1.2.4" }, "os": "darwin", "cpu": "arm64" }, "sha512-imtQ3WMJXbMY4fxb/Ndp6HBTNVtWCUI0WdobyheGf5+ad6xX8VIDO8u2xE4qc/fr08CKG/7dDseFtn6M6g/r3w=="],

    "@img/sharp-darwin-x64": ["@img/sharp-darwin-x64@0.34.5", "", { "optionalDependencies": { "@img/sharp-libvips-darwin-x64": "1.2.4" }, "os": "darwin", "cpu": "x64" }, "sha512-YNEFAF/4KQ/PeW0N+r+aVVsoIY0/qxxikF2SWdp+NRkmMB7y9LBZAVqQ4yhGCm/H3H270OSykqmQMKLBhBJDEw=="],

    "@img/sharp-libvips-darwin-arm64": ["@img/sharp-libvips-darwin-arm64@1.2.4", "", { "os": "darwin", "cpu": "arm64" }, "sha512-zqjjo7RatFfFoP0MkQ51jfuFZBnVE2pRiaydKJ1G/rHZvnsrHAOcQALIi9sA5co5xenQdTugCvtb1cuf78Vf4g=="],

    "@img/sharp-libvips-darwin-x64": ["@img/sharp-libvips-darwin-x64@1.2.4", "", { "os": "darwin", "cpu": "x64" }, "sha512-1IOd5xfVhlGwX+zXv2N93k0yMONvUlANylbJw1eTah8K/Jtpi15KC+WSiaX/nBmbm2HxRM1gZ0nSdjSsrZbGKg=="],

    "@img/sharp-libvips-linux-arm": ["@img/sharp-libvips-linux-arm@1.2.4", "", { "os": "linux", "cpu": "arm" }, "sha512-bFI7xcKFELdiNCVov8e44Ia4u2byA+l3XtsAj+Q8tfCwO6BQ8iDojYdvoPMqsKDkuoOo+X6HZA0s0q11ANMQ8A=="],

    "@img/sharp-libvips-linux-arm64": ["@img/sharp-libvips-linux-arm64@1.2.4", "", { "os": "linux", "cpu": "arm64" }, "sha512-excjX8DfsIcJ10x1Kzr4RcWe1edC9PquDRRPx3YVCvQv+U5p7Yin2s32ftzikXojb1PIFc/9Mt28/y+iRklkrw=="],

    "@img/sharp-libvips-linux-ppc64": ["@img/sharp-libvips-linux-ppc64@1.2.4", "", { "os": "linux", "cpu": "ppc64" }, "sha512-FMuvGijLDYG6lW+b/UvyilUWu5Ayu+3r2d1S8notiGCIyYU/76eig1UfMmkZ7vwgOrzKzlQbFSuQfgm7GYUPpA=="],

    "@img/sharp-libvips-linux-riscv64": ["@img/sharp-libvips-linux-riscv64@1.2.4", "", { "os": "linux", "cpu": "none" }, "sha512-oVDbcR4zUC0ce82teubSm+x6ETixtKZBh/qbREIOcI3cULzDyb18Sr/Wcyx7NRQeQzOiHTNbZFF1UwPS2scyGA=="],

    "@img/sharp-libvips-linux-s390x": ["@img/sharp-libvips-linux-s390x@1.2.4", "", { "os": "linux", "cpu": "s390x" }, "sha512-qmp9VrzgPgMoGZyPvrQHqk02uyjA0/QrTO26Tqk6l4ZV0MPWIW6LTkqOIov+J1yEu7MbFQaDpwdwJKhbJvuRxQ=="],

    "@img/sharp-libvips-linux-x64": ["@img/sharp-libvips-linux-x64@1.2.4", "", { "os": "linux", "cpu": "x64" }, "sha512-tJxiiLsmHc9Ax1bz3oaOYBURTXGIRDODBqhveVHonrHJ9/+k89qbLl0bcJns+e4t4rvaNBxaEZsFtSfAdquPrw=="],

    "@img/sharp-libvips-linuxmusl-arm64": ["@img/sharp-libvips-linuxmusl-arm64@1.2.4", "", { "os": "linux", "cpu": "arm64" }, "sha512-FVQHuwx1IIuNow9QAbYUzJ+En8KcVm9Lk5+uGUQJHaZmMECZmOlix9HnH7n1TRkXMS0pGxIJokIVB9SuqZGGXw=="],

    "@img/sharp-libvips-linuxmusl-x64": ["@img/sharp-libvips-linuxmusl-x64@1.2.4", "", { "os": "linux", "cpu": "x64" }, "sha512-+LpyBk7L44ZIXwz/VYfglaX/okxezESc6UxDSoyo2Ks6Jxc4Y7sGjpgU9s4PMgqgjj1gZCylTieNamqA1MF7Dg=="],

    "@img/sharp-linux-arm": ["@img/sharp-linux-arm@0.34.5", "", { "optionalDependencies": { "@img/sharp-libvips-linux-arm": "1.2.4" }, "os": "linux", "cpu": "arm" }, "sha512-9dLqsvwtg1uuXBGZKsxem9595+ujv0sJ6Vi8wcTANSFpwV/GONat5eCkzQo/1O6zRIkh0m/8+5BjrRr7jDUSZw=="],

    "@img/sharp-linux-arm64": ["@img/sharp-linux-arm64@0.34.5", "", { "optionalDependencies": { "@img/sharp-libvips-linux-arm64": "1.2.4" }, "os": "linux", "cpu": "arm64" }, "sha512-bKQzaJRY/bkPOXyKx5EVup7qkaojECG6NLYswgktOZjaXecSAeCWiZwwiFf3/Y+O1HrauiE3FVsGxFg8c24rZg=="],

    "@img/sharp-linux-ppc64": ["@img/sharp-linux-ppc64@0.34.5", "", { "optionalDependencies": { "@img/sharp-libvips-linux-ppc64": "1.2.4" }, "os": "linux", "cpu": "ppc64" }, "sha512-7zznwNaqW6YtsfrGGDA6BRkISKAAE1Jo0QdpNYXNMHu2+0dTrPflTLNkpc8l7MUP5M16ZJcUvysVWWrMefZquA=="],

    "@img/sharp-linux-riscv64": ["@img/sharp-linux-riscv64@0.34.5", "", { "optionalDependencies": { "@img/sharp-libvips-linux-riscv64": "1.2.4" }, "os": "linux", "cpu": "none" }, "sha512-51gJuLPTKa7piYPaVs8GmByo7/U7/7TZOq+cnXJIHZKavIRHAP77e3N2HEl3dgiqdD/w0yUfiJnII77PuDDFdw=="],

    "@img/sharp-linux-s390x": ["@img/sharp-linux-s390x@0.34.5", "", { "optionalDependencies": { "@img/sharp-libvips-linux-s390x": "1.2.4" }, "os": "linux", "cpu": "s390x" }, "sha512-nQtCk0PdKfho3eC5MrbQoigJ2gd1CgddUMkabUj+rBevs8tZ2cULOx46E7oyX+04WGfABgIwmMC0VqieTiR4jg=="],

    "@img/sharp-linux-x64": ["@img/sharp-linux-x64@0.34.5", "", { "optionalDependencies": { "@img/sharp-libvips-linux-x64": "1.2.4" }, "os": "linux", "cpu": "x64" }, "sha512-MEzd8HPKxVxVenwAa+JRPwEC7QFjoPWuS5NZnBt6B3pu7EG2Ge0id1oLHZpPJdn3OQK+BQDiw9zStiHBTJQQQQ=="],

    "@img/sharp-linuxmusl-arm64": ["@img/sharp-linuxmusl-arm64@0.34.5", "", { "optionalDependencies": { "@img/sharp-libvips-linuxmusl-arm64": "1.2.4" }, "os": "linux", "cpu": "arm64" }, "sha512-fprJR6GtRsMt6Kyfq44IsChVZeGN97gTD331weR1ex1c1rypDEABN6Tm2xa1wE6lYb5DdEnk03NZPqA7Id21yg=="],

    "@img/sharp-linuxmusl-x64": ["@img/sharp-linuxmusl-x64@0.34.5", "", { "optionalDependencies": { "@img/sharp-libvips-linuxmusl-x64": "1.2.4" }, "os": "linux", "cpu": "x64" }, "sha512-Jg8wNT1MUzIvhBFxViqrEhWDGzqymo3sV7z7ZsaWbZNDLXRJZoRGrjulp60YYtV4wfY8VIKcWidjojlLcWrd8Q=="],

    "@img/sharp-wasm32": ["@img/sharp-wasm32@0.34.5", "", { "dependencies": { "@emnapi/runtime": "^1.7.0" }, "cpu": "none" }, "sha512-OdWTEiVkY2PHwqkbBI8frFxQQFekHaSSkUIJkwzclWZe64O1X4UlUjqqqLaPbUpMOQk6FBu/HtlGXNblIs0huw=="],

    "@img/sharp-win32-arm64": ["@img/sharp-win32-arm64@0.34.5", "", { "os": "win32", "cpu": "arm64" }, "sha512-WQ3AgWCWYSb2yt+IG8mnC6Jdk9Whs7O0gxphblsLvdhSpSTtmu69ZG1Gkb6NuvxsNACwiPV6cNSZNzt0KPsw7g=="],

    "@img/sharp-win32-ia32": ["@img/sharp-win32-ia32@0.34.5", "", { "os": "win32", "cpu": "ia32" }, "sha512-FV9m/7NmeCmSHDD5j4+4pNI8Cp3aW+JvLoXcTUo0IqyjSfAZJ8dIUmijx1qaJsIiU+Hosw6xM5KijAWRJCSgNg=="],

    "@img/sharp-win32-x64": ["@img/sharp-win32-x64@0.34.5", "", { "os": "win32", "cpu": "x64" }, "sha512-+29YMsqY2/9eFEiW93eqWnuLcWcufowXewwSNIT6UwZdUUCrM3oFjMWH/Z6/TMmb4hlFenmfAVbpWeup2jryCw=="],

    "@jridgewell/resolve-uri": ["@jridgewell/resolve-uri@3.1.2", "", {}, "sha512-bRISgCIjP20/tbWSPWMEi54QVPRZExkuD9lJL+UIxUKtwVJA8wW1Trb1jMs1RFXo1CBTNZ/5hpC9QvmKWdopKw=="],

    "@jridgewell/sourcemap-codec": ["@jridgewell/sourcemap-codec@1.5.5", "", {}, "sha512-cYQ9310grqxueWbl+WuIUIaiUaDcj7WOq5fVhEljNVgRfOUhY9fy2zTvfoqWsnebh8Sl70VScFbICvJnLKB0Og=="],

    "@jridgewell/trace-mapping": ["@jridgewell/trace-mapping@0.3.9", "", { "dependencies": { "@jridgewell/resolve-uri": "^3.0.3", "@jridgewell/sourcemap-codec": "^1.4.10" } }, "sha512-3Belt6tdc8bPgAtbcmdtNJlirVoTmEb5e2gC94PnkwEW9jI6CAHUeoG85tjWP5WquqfavoMtMwiG4P926ZKKuQ=="],

    "@metamask/eth-sig-util": ["@metamask/eth-sig-util@5.1.0", "", { "dependencies": { "@ethereumjs/util": "^8.0.6", "bn.js": "^4.12.0", "ethereum-cryptography": "^2.0.0", "ethjs-util": "^0.1.6", "tweetnacl": "^1.0.3", "tweetnacl-util": "^0.15.1" } }, "sha512-mlgziIHYlA9pi/XZerChqg4NocdOgBPB9NmxgXWQO2U2hH8RGOJQrz6j/AIKkYxgCMIE2PY000+joOwXfzeTDQ=="],

    "@noble/curves": ["@noble/curves@1.4.2", "", { "dependencies": { "@noble/hashes": "1.4.0" } }, "sha512-TavHr8qycMChk8UwMld0ZDRvatedkzWfH8IiaeGCfymOP5i0hSCozz9vHOL0nkwk7HRMlFnAiKpS2jrUmSybcw=="],

    "@noble/hashes": ["@noble/hashes@1.4.0", "", {}, "sha512-V1JJ1WTRUqHHrOSh597hURcMqVKVGL/ea3kv0gSnEdsEZ0/+VyPghM1lMNGc00z7CIQorSvbKpuJkxvuHbvdbg=="],

    "@polymarket/clob-client": ["@polymarket/clob-client@3.2.0", "", { "dependencies": { "@polymarket/order-utils": "^1.3.1", "axios": "^0.27.2", "browser-or-node": "^2.1.1", "ethers": "^5.7.1" } }, "sha512-CvoyWNdotq2xZ2g/Z2V62tGgw5SbBhuMGm/V1w6/uba+4LJ0u4VVSL2wFB20jaR5+cobD5GJUuChm4dpABCmUg=="],

    "@polymarket/order-utils": ["@polymarket/order-utils@1.3.1", "", { "dependencies": { "@metamask/eth-sig-util": "^5.0.0", "ethers": "^5.7.1" } }, "sha512-+ml9tjIYvpEoWO98MAZwlq0V3fHDAW8oXOEJL0oj58CidFDTzgLGflhhzhDOs4DTEbjaUGD8mbFcuIN4OEzBBQ=="],

    "@poppinss/colors": ["@poppinss/colors@4.1.6", "", { "dependencies": { "kleur": "^4.1.5" } }, "sha512-H9xkIdFswbS8n1d6vmRd8+c10t2Qe+rZITbbDHHkQixH5+2x1FDGmi/0K+WgWiqQFKPSlIYB7jlH6Kpfn6Fleg=="],

    "@poppinss/dumper": ["@poppinss/dumper@0.6.5", "", { "dependencies": { "@poppinss/colors": "^4.1.5", "@sindresorhus/is": "^7.0.2", "supports-color": "^10.0.0" } }, "sha512-NBdYIb90J7LfOI32dOewKI1r7wnkiH6m920puQ3qHUeZkxNkQiFnXVWoE6YtFSv6QOiPPf7ys6i+HWWecDz7sw=="],

    "@poppinss/exception": ["@poppinss/exception@1.2.3", "", {}, "sha512-dCED+QRChTVatE9ibtoaxc+WkdzOSjYTKi/+uacHWIsfodVfpsueo3+DKpgU5Px8qXjgmXkSvhXvSCz3fnP9lw=="],

    "@scure/base": ["@scure/base@1.1.9", "", {}, "sha512-8YKhl8GHiNI/pU2VMaofa2Tor7PJRAjwQLBBuilkJ9L5+13yVbC7JO/wS7piioAvPSwR3JKM1IJ/u4xQzbcXKg=="],

    "@scure/bip32": ["@scure/bip32@1.4.0", "", { "dependencies": { "@noble/curves": "~1.4.0", "@noble/hashes": "~1.4.0", "@scure/base": "~1.1.6" } }, "sha512-sVUpc0Vq3tXCkDGYVWGIZTRfnvu8LoTDaev7vbwh0omSvVORONr960MQWdKqJDCReIEmTj3PAr73O3aoxz7OPg=="],

    "@scure/bip39": ["@scure/bip39@1.3.0", "", { "dependencies": { "@noble/hashes": "~1.4.0", "@scure/base": "~1.1.6" } }, "sha512-disdg7gHuTDZtY+ZdkmLpPCk7fxZSu3gBiEGuoC1XYxv9cGx3Z6cpTggCgW6odSOOIXCiDjuGejW+aJKCY/pIQ=="],

    "@sindresorhus/is": ["@sindresorhus/is@7.2.0", "", {}, "sha512-P1Cz1dWaFfR4IR+U13mqqiGsLFf1KbayybWwdd2vfctdV6hDpUkgCY0nKOLLTMSoRd/jJNjtbqzf13K8DCCXQw=="],

    "@speed-highlight/core": ["@speed-highlight/core@1.2.14", "", {}, "sha512-G4ewlBNhUtlLvrJTb88d2mdy2KRijzs4UhnlrOSRT4bmjh/IqNElZa3zkrZ+TC47TwtlDWzVLFADljF1Ijp5hA=="],

    "@types/bun": ["@types/bun@1.3.8", "", { "dependencies": { "bun-types": "1.3.8" } }, "sha512-3LvWJ2q5GerAXYxO2mffLTqOzEu5qnhEAlh48Vnu8WQfnmSwbgagjGZV6BoHKJztENYEDn6QmVd949W4uESRJA=="],

    "@types/node": ["@types/node@25.2.0", "", { "dependencies": { "undici-types": "~7.16.0" } }, "sha512-DZ8VwRFUNzuqJ5khrvwMXHmvPe+zGayJhr2CDNiKB1WBE1ST8Djl00D0IC4vvNmHMdj6DlbYRIaFE7WHjlDl5w=="],

    "aes-js": ["aes-js@3.0.0", "", {}, "sha512-H7wUZRn8WpTq9jocdxQ2c8x2sKo9ZVmzfRE13GiNJXfp7NcKYEdvl3vspKjXox6RIG2VtaRe4JFvxG4rqp2Zuw=="],

    "asynckit": ["asynckit@0.4.0", "", {}, "sha512-Oei9OH4tRh0YqU3GxhX79dM/mwVgvbZJaSNaRk+bshkj0S5cfHcgYakreBjrHwatXKbz+IoIdYLxrKim2MjW0Q=="],

    "axios": ["axios@0.27.2", "", { "dependencies": { "follow-redirects": "^1.14.9", "form-data": "^4.0.0" } }, "sha512-t+yRIyySRTp/wua5xEr+z1q60QmLq8ABsS5O9Me1AsE5dfKqgnCFzwiCZZ/cGNd1lq4/7akDWMxdhVlucjmnOQ=="],

    "bech32": ["bech32@1.1.4", "", {}, "sha512-s0IrSOzLlbvX7yp4WBfPITzpAU8sqQcpsmwXDiKwrG4r491vwCO/XpejasRNl0piBMe/DvP4Tz0mIS/X1DPJBQ=="],

    "blake3-wasm": ["blake3-wasm@2.1.5", "", {}, "sha512-F1+K8EbfOZE49dtoPtmxUQrpXaBIl3ICvasLh+nJta0xkz+9kF/7uet9fLnwKqhDrmj6g+6K3Tw9yQPUg2ka5g=="],

    "bn.js": ["bn.js@5.2.2", "", {}, "sha512-v2YAxEmKaBLahNwE1mjp4WON6huMNeuDvagFZW+ASCuA/ku0bXR9hSMw0XpiqMoA3+rmnyck/tPRSFQkoC9Cuw=="],

    "brorand": ["brorand@1.1.0", "", {}, "sha512-cKV8tMCEpQs4hK/ik71d6LrPOnpkpGBR0wzxqr68g2m/LB2GxVYQroAjMJZRVM1Y4BCjCKc3vAamxSzOY2RP+w=="],

    "browser-or-node": ["browser-or-node@2.1.1", "", {}, "sha512-8CVjaLJGuSKMVTxJ2DpBl5XnlNDiT4cQFeuCJJrvJmts9YrTZDizTX7PjC2s6W4x+MBGZeEY6dGMrF04/6Hgqg=="],

    "bun-types": ["bun-types@1.3.8", "", { "dependencies": { "@types/node": "*" } }, "sha512-fL99nxdOWvV4LqjmC+8Q9kW3M4QTtTR1eePs94v5ctGqU8OeceWrSUaRw3JYb7tU3FkMIAjkueehrHPPPGKi5Q=="],

    "call-bind-apply-helpers": ["call-bind-apply-helpers@1.0.2", "", { "dependencies": { "es-errors": "^1.3.0", "function-bind": "^1.1.2" } }, "sha512-Sp1ablJ0ivDkSzjcaJdxEunN5/XvksFJ2sMBFfq6x0ryhQV/2b/KwFe21cMpmHtPOSij8K99/wSfoEuTObmuMQ=="],

    "combined-stream": ["combined-stream@1.0.8", "", { "dependencies": { "delayed-stream": "~1.0.0" } }, "sha512-FQN4MRfuJeHf7cBbBMJFXhKSDq+2kAArBlmRBvcvFE5BB1HZKXtSFASDhdlz9zOYwxh8lDdnvmMOe/+5cdoEdg=="],

    "cookie": ["cookie@1.1.1", "", {}, "sha512-ei8Aos7ja0weRpFzJnEA9UHJ/7XQmqglbRwnf2ATjcB9Wq874VKH9kfjjirM6UhU2/E5fFYadylyhFldcqSidQ=="],

    "delayed-stream": ["delayed-stream@1.0.0", "", {}, "sha512-ZySD7Nf91aLB0RxL4KGrKHBXl7Eds1DAmEdcoVawXnLD7SDhpNgtuII2aAkg7a7QS41jxPSZ17p4VdGnMHk3MQ=="],

    "detect-libc": ["detect-libc@2.1.2", "", {}, "sha512-Btj2BOOO83o3WyH59e8MgXsxEQVcarkUOpEYrubB0urwnN10yQ364rsiByU11nZlqWYZm05i/of7io4mzihBtQ=="],

    "dunder-proto": ["dunder-proto@1.0.1", "", { "dependencies": { "call-bind-apply-helpers": "^1.0.1", "es-errors": "^1.3.0", "gopd": "^1.2.0" } }, "sha512-KIN/nDJBQRcXw0MLVhZE9iQHmG68qAVIBg9CqmUYjmQIhgij9U5MFvrqkUL5FbtyyzZuOeOt0zdeRe4UY7ct+A=="],

    "elliptic": ["elliptic@6.6.1", "", { "dependencies": { "bn.js": "^4.11.9", "brorand": "^1.1.0", "hash.js": "^1.0.0", "hmac-drbg": "^1.0.1", "inherits": "^2.0.4", "minimalistic-assert": "^1.0.1", "minimalistic-crypto-utils": "^1.0.1" } }, "sha512-RaddvvMatK2LJHqFJ+YA4WysVN5Ita9E35botqIYspQ4TkRAlCicdzKOjlyv/1Za5RyTNn7di//eEV0uTAfe3g=="],

    "error-stack-parser-es": ["error-stack-parser-es@1.0.5", "", {}, "sha512-5qucVt2XcuGMcEGgWI7i+yZpmpByQ8J1lHhcL7PwqCwu9FPP3VUXzT4ltHe5i2z9dePwEHcDVOAfSnHsOlCXRA=="],

    "es-define-property": ["es-define-property@1.0.1", "", {}, "sha512-e3nRfgfUZ4rNGL232gUgX06QNyyez04KdjFrF+LTRoOXmrOgFKDg4BCdsjW8EnT69eqdYGmRpJwiPVYNrCaW3g=="],

    "es-errors": ["es-errors@1.3.0", "", {}, "sha512-Zf5H2Kxt2xjTvbJvP2ZWLEICxA6j+hAmMzIlypy4xcBg1vKVnx89Wy0GbS+kf5cwCVFFzdCFh2XSCFNULS6csw=="],

    "es-object-atoms": ["es-object-atoms@1.1.1", "", { "dependencies": { "es-errors": "^1.3.0" } }, "sha512-FGgH2h8zKNim9ljj7dankFPcICIK9Cp5bm+c2gQSYePhpaG5+esrLODihIorn+Pe6FGJzWhXQotPv73jTaldXA=="],

    "es-set-tostringtag": ["es-set-tostringtag@2.1.0", "", { "dependencies": { "es-errors": "^1.3.0", "get-intrinsic": "^1.2.6", "has-tostringtag": "^1.0.2", "hasown": "^2.0.2" } }, "sha512-j6vWzfrGVfyXxge+O0x5sh6cvxAog0a/4Rdd2K36zCMV5eJ+/+tOAngRO8cODMNWbVRdVlmGZQL2YS3yR8bIUA=="],

    "esbuild": ["esbuild@0.27.0", "", { "optionalDependencies": { "@esbuild/aix-ppc64": "0.27.0", "@esbuild/android-arm": "0.27.0", "@esbuild/android-arm64": "0.27.0", "@esbuild/android-x64": "0.27.0", "@esbuild/darwin-arm64": "0.27.0", "@esbuild/darwin-x64": "0.27.0", "@esbuild/freebsd-arm64": "0.27.0", "@esbuild/freebsd-x64": "0.27.0", "@esbuild/linux-arm": "0.27.0", "@esbuild/linux-arm64": "0.27.0", "@esbuild/linux-ia32": "0.27.0", "@esbuild/linux-loong64": "0.27.0", "@esbuild/linux-mips64el": "0.27.0", "@esbuild/linux-ppc64": "0.27.0", "@esbuild/linux-riscv64": "0.27.0", "@esbuild/linux-s390x": "0.27.0", "@esbuild/linux-x64": "0.27.0", "@esbuild/netbsd-arm64": "0.27.0", "@esbuild/netbsd-x64": "0.27.0", "@esbuild/openbsd-arm64": "0.27.0", "@esbuild/openbsd-x64": "0.27.0", "@esbuild/openharmony-arm64": "0.27.0", "@esbuild/sunos-x64": "0.27.0", "@esbuild/win32-arm64": "0.27.0", "@esbuild/win32-ia32": "0.27.0", "@esbuild/win32-x64": "0.27.0" }, "bin": { "esbuild": "bin/esbuild" } }, "sha512-jd0f4NHbD6cALCyGElNpGAOtWxSq46l9X/sWB0Nzd5er4Kz2YTm+Vl0qKFT9KUJvD8+fiO8AvoHhFvEatfVixA=="],

    "ethereum-cryptography": ["ethereum-cryptography@2.2.1", "", { "dependencies": { "@noble/curves": "1.4.2", "@noble/hashes": "1.4.0", "@scure/bip32": "1.4.0", "@scure/bip39": "1.3.0" } }, "sha512-r/W8lkHSiTLxUxW8Rf3u4HGB0xQweG2RyETjywylKZSzLWoWAijRz8WCuOtJ6wah+avllXBqZuk29HCCvhEIRg=="],

    "ethers": ["ethers@5.8.0", "", { "dependencies": { "@ethersproject/abi": "5.8.0", "@ethersproject/abstract-provider": "5.8.0", "@ethersproject/abstract-signer": "5.8.0", "@ethersproject/address": "5.8.0", "@ethersproject/base64": "5.8.0", "@ethersproject/basex": "5.8.0", "@ethersproject/bignumber": "5.8.0", "@ethersproject/bytes": "5.8.0", "@ethersproject/constants": "5.8.0", "@ethersproject/contracts": "5.8.0", "@ethersproject/hash": "5.8.0", "@ethersproject/hdnode": "5.8.0", "@ethersproject/json-wallets": "5.8.0", "@ethersproject/keccak256": "5.8.0", "@ethersproject/logger": "5.8.0", "@ethersproject/networks": "5.8.0", "@ethersproject/pbkdf2": "5.8.0", "@ethersproject/properties": "5.8.0", "@ethersproject/providers": "5.8.0", "@ethersproject/random": "5.8.0", "@ethersproject/rlp": "5.8.0", "@ethersproject/sha2": "5.8.0", "@ethersproject/signing-key": "5.8.0", "@ethersproject/solidity": "5.8.0", "@ethersproject/strings": "5.8.0", "@ethersproject/transactions": "5.8.0", "@ethersproject/units": "5.8.0", "@ethersproject/wallet": "5.8.0", "@ethersproject/web": "5.8.0", "@ethersproject/wordlists": "5.8.0" } }, "sha512-DUq+7fHrCg1aPDFCHx6UIPb3nmt2XMpM7Y/g2gLhsl3lIBqeAfOJIl1qEvRf2uq3BiKxmh6Fh5pfp2ieyek7Kg=="],

    "ethjs-util": ["ethjs-util@0.1.6", "", { "dependencies": { "is-hex-prefixed": "1.0.0", "strip-hex-prefix": "1.0.0" } }, "sha512-CUnVOQq7gSpDHZVVrQW8ExxUETWrnrvXYvYz55wOU8Uj4VCgw56XC2B/fVqQN+f7gmrnRHSLVnFAwsCuNwji8w=="],

    "follow-redirects": ["follow-redirects@1.15.11", "", {}, "sha512-deG2P0JfjrTxl50XGCDyfI97ZGVCxIpfKYmfyrQ54n5FO/0gfIES8C/Psl6kWVDolizcaaxZJnTS0QSMxvnsBQ=="],

    "form-data": ["form-data@4.0.5", "", { "dependencies": { "asynckit": "^0.4.0", "combined-stream": "^1.0.8", "es-set-tostringtag": "^2.1.0", "hasown": "^2.0.2", "mime-types": "^2.1.12" } }, "sha512-8RipRLol37bNs2bhoV67fiTEvdTrbMUYcFTiy3+wuuOnUog2QBHCZWXDRijWQfAkhBj2Uf5UnVaiWwA5vdd82w=="],

    "fsevents": ["fsevents@2.3.3", "", { "os": "darwin" }, "sha512-5xoDfX+fL7faATnagmWPpbFtwh/R77WmMMqqHGS65C3vvB0YHrgF+B1YmZ3441tMj5n63k0212XNoJwzlhffQw=="],

    "function-bind": ["function-bind@1.1.2", "", {}, "sha512-7XHNxH7qX9xG5mIwxkhumTox/MIRNcOgDrxWsMt2pAr23WHp6MrRlN7FBSFpCpr+oVO0F744iUgR82nJMfG2SA=="],

    "get-intrinsic": ["get-intrinsic@1.3.0", "", { "dependencies": { "call-bind-apply-helpers": "^1.0.2", "es-define-property": "^1.0.1", "es-errors": "^1.3.0", "es-object-atoms": "^1.1.1", "function-bind": "^1.1.2", "get-proto": "^1.0.1", "gopd": "^1.2.0", "has-symbols": "^1.1.0", "hasown": "^2.0.2", "math-intrinsics": "^1.1.0" } }, "sha512-9fSjSaos/fRIVIp+xSJlE6lfwhES7LNtKaCBIamHsjr2na1BiABJPo0mOjjz8GJDURarmCPGqaiVg5mfjb98CQ=="],

    "get-proto": ["get-proto@1.0.1", "", { "dependencies": { "dunder-proto": "^1.0.1", "es-object-atoms": "^1.0.0" } }, "sha512-sTSfBjoXBp89JvIKIefqw7U2CCebsc74kiY6awiGogKtoSGbgjYE/G/+l9sF3MWFPNc9IcoOC4ODfKHfxFmp0g=="],

    "gopd": ["gopd@1.2.0", "", {}, "sha512-ZUKRh6/kUFoAiTAtTYPZJ3hw9wNxx+BIBOijnlG9PnrJsCcSjs1wyyD6vJpaYtgnzDrKYRSqf3OO6Rfa93xsRg=="],

    "has-symbols": ["has-symbols@1.1.0", "", {}, "sha512-1cDNdwJ2Jaohmb3sg4OmKaMBwuC48sYni5HUw2DvsC8LjGTLK9h+eb1X6RyuOHe4hT0ULCW68iomhjUoKUqlPQ=="],

    "has-tostringtag": ["has-tostringtag@1.0.2", "", { "dependencies": { "has-symbols": "^1.0.3" } }, "sha512-NqADB8VjPFLM2V0VvHUewwwsw0ZWBaIdgo+ieHtK3hasLz4qeCRjYcqfB6AQrBggRKppKF8L52/VqdVsO47Dlw=="],

    "hash.js": ["hash.js@1.1.7", "", { "dependencies": { "inherits": "^2.0.3", "minimalistic-assert": "^1.0.1" } }, "sha512-taOaskGt4z4SOANNseOviYDvjEJinIkRgmp7LbKP2YTTmVxWBl87s/uzK9r+44BclBSp2X7K1hqeNfz9JbBeXA=="],

    "hasown": ["hasown@2.0.2", "", { "dependencies": { "function-bind": "^1.1.2" } }, "sha512-0hJU9SCPvmMzIBdZFqNPXWa6dqh7WdH0cII9y+CyS8rG3nL48Bclra9HmKhVVUHyPWNH5Y7xDwAB7bfgSjkUMQ=="],

    "hmac-drbg": ["hmac-drbg@1.0.1", "", { "dependencies": { "hash.js": "^1.0.3", "minimalistic-assert": "^1.0.0", "minimalistic-crypto-utils": "^1.0.1" } }, "sha512-Tti3gMqLdZfhOQY1Mzf/AanLiqh1WTiJgEj26ZuYQ9fbkLomzGchCws4FyrSd4VkpBfiNhaE1On+lOz894jvXg=="],

    "inherits": ["inherits@2.0.4", "", {}, "sha512-k/vGaX4/Yla3WzyMCvTQOXYeIHvqOKtnqBduzTHpzpQZzAskKMhZ2K+EnBiSM9zGSoIFeMpXKxa4dYeZIQqewQ=="],

    "is-hex-prefixed": ["is-hex-prefixed@1.0.0", "", {}, "sha512-WvtOiug1VFrE9v1Cydwm+FnXd3+w9GaeVUss5W4v/SLy3UW00vP+6iNF2SdnfiBoLy4bTqVdkftNGTUeOFVsbA=="],

    "js-sha3": ["js-sha3@0.8.0", "", {}, "sha512-gF1cRrHhIzNfToc802P800N8PpXS+evLLXfsVpowqmAFR9uwbi89WvXg2QspOmXL8QL86J4T1EpFu+yUkwJY3Q=="],

    "kleur": ["kleur@4.1.5", "", {}, "sha512-o+NO+8WrRiQEE4/7nwRJhN1HWpVmJm511pBHUxPLtp0BUISzlBplORYSmTclCnJvQq2tKu/sgl3xVpkc7ZWuQQ=="],

    "math-intrinsics": ["math-intrinsics@1.1.0", "", {}, "sha512-/IXtbwEk5HTPyEwyKX6hGkYXxM9nbj64B+ilVJnC/R6B0pH5G4V3b0pVbL7DBj4tkhBAppbQUlf6F6Xl9LHu1g=="],

    "micro-ftch": ["micro-ftch@0.3.1", "", {}, "sha512-/0LLxhzP0tfiR5hcQebtudP56gUurs2CLkGarnCiB/OqEyUFQ6U3paQi/tgLv0hBJYt2rnr9MNpxz4fiiugstg=="],

    "mime-db": ["mime-db@1.52.0", "", {}, "sha512-sPU4uV7dYlvtWJxwwxHD0PuihVNiE7TyAbQ5SWxDCB9mUYvOgroQOwYQQOKPJ8CIbE+1ETVlOoK1UC2nU3gYvg=="],

    "mime-types": ["mime-types@2.1.35", "", { "dependencies": { "mime-db": "1.52.0" } }, "sha512-ZDY+bPm5zTTF+YpCrAU9nK0UgICYPT0QtT1NZWFv4s++TNkcgVaT0g6+4R2uI4MjQjzysHB1zxuWL50hzaeXiw=="],

    "miniflare": ["miniflare@4.20260128.0", "", { "dependencies": { "@cspotcode/source-map-support": "0.8.1", "sharp": "^0.34.5", "undici": "7.18.2", "workerd": "1.20260128.0", "ws": "8.18.0", "youch": "4.1.0-beta.10" }, "bin": { "miniflare": "bootstrap.js" } }, "sha512-AVCn3vDRY+YXu1sP4mRn81ssno6VUqxo29uY2QVfgxXU2TMLvhRIoGwm7RglJ3Gzfuidit5R86CMQ6AvdFTGAw=="],

    "minimalistic-assert": ["minimalistic-assert@1.0.1", "", {}, "sha512-UtJcAD4yEaGtjPezWuO9wC4nwUnVH/8/Im3yEHQP4b67cXlD/Qr9hdITCU1xDbSEXg2XKNaP8jsReV7vQd00/A=="],

    "minimalistic-crypto-utils": ["minimalistic-crypto-utils@1.0.1", "", {}, "sha512-JIYlbt6g8i5jKfJ3xz7rF0LXmv2TkDxBLUkiBeZ7bAx4GnnNMr8xFpGnOxn6GhTEHx3SjRrZEoU+j04prX1ktg=="],

    "path-to-regexp": ["path-to-regexp@6.3.0", "", {}, "sha512-Yhpw4T9C6hPpgPeA28us07OJeqZ5EzQTkbfwuhsUg0c237RomFoETJgmp2sa3F/41gfLE6G5cqcYwznmeEeOlQ=="],

    "pathe": ["pathe@2.0.3", "", {}, "sha512-WUjGcAqP1gQacoQe+OBJsFA7Ld4DyXuUIjZ5cc75cLHvJ7dtNsTugphxIADwspS+AraAUePCKrSVtPLFj/F88w=="],

    "scrypt-js": ["scrypt-js@3.0.1", "", {}, "sha512-cdwTTnqPu0Hyvf5in5asVdZocVDTNRmR7XEcJuIzMjJeSHybHl7vpB66AzwTaIg6CLSbtjcxc8fqcySfnTkccA=="],

    "semver": ["semver@7.7.3", "", { "bin": { "semver": "bin/semver.js" } }, "sha512-SdsKMrI9TdgjdweUSR9MweHA4EJ8YxHn8DFaDisvhVlUOe4BF1tLD7GAj0lIqWVl+dPb/rExr0Btby5loQm20Q=="],

    "sharp": ["sharp@0.34.5", "", { "dependencies": { "@img/colour": "^1.0.0", "detect-libc": "^2.1.2", "semver": "^7.7.3" }, "optionalDependencies": { "@img/sharp-darwin-arm64": "0.34.5", "@img/sharp-darwin-x64": "0.34.5", "@img/sharp-libvips-darwin-arm64": "1.2.4", "@img/sharp-libvips-darwin-x64": "1.2.4", "@img/sharp-libvips-linux-arm": "1.2.4", "@img/sharp-libvips-linux-arm64": "1.2.4", "@img/sharp-libvips-linux-ppc64": "1.2.4", "@img/sharp-libvips-linux-riscv64": "1.2.4", "@img/sharp-libvips-linux-s390x": "1.2.4", "@img/sharp-libvips-linux-x64": "1.2.4", "@img/sharp-libvips-linuxmusl-arm64": "1.2.4", "@img/sharp-libvips-linuxmusl-x64": "1.2.4", "@img/sharp-linux-arm": "0.34.5", "@img/sharp-linux-arm64": "0.34.5", "@img/sharp-linux-ppc64": "0.34.5", "@img/sharp-linux-riscv64": "0.34.5", "@img/sharp-linux-s390x": "0.34.5", "@img/sharp-linux-x64": "0.34.5", "@img/sharp-linuxmusl-arm64": "0.34.5", "@img/sharp-linuxmusl-x64": "0.34.5", "@img/sharp-wasm32": "0.34.5", "@img/sharp-win32-arm64": "0.34.5", "@img/sharp-win32-ia32": "0.34.5", "@img/sharp-win32-x64": "0.34.5" } }, "sha512-Ou9I5Ft9WNcCbXrU9cMgPBcCK8LiwLqcbywW3t4oDV37n1pzpuNLsYiAV8eODnjbtQlSDwZ2cUEeQz4E54Hltg=="],

    "strip-hex-prefix": ["strip-hex-prefix@1.0.0", "", { "dependencies": { "is-hex-prefixed": "1.0.0" } }, "sha512-q8d4ue7JGEiVcypji1bALTos+0pWtyGlivAWyPuTkHzuTCJqrK9sWxYQZUq6Nq3cuyv3bm734IhHvHtGGURU6A=="],

    "supports-color": ["supports-color@10.2.2", "", {}, "sha512-SS+jx45GF1QjgEXQx4NJZV9ImqmO2NPz5FNsIHrsDjh2YsHnawpan7SNQ1o8NuhrbHZy9AZhIoCUiCeaW/C80g=="],

    "tslib": ["tslib@2.8.1", "", {}, "sha512-oJFu94HQb+KVduSUQL7wnpmqnfmLsOA/nAh6b6EH0wCEoK0/mPeXU6c3wKDV83MkOuHPRHtSXKKU99IBazS/2w=="],

    "tweetnacl": ["tweetnacl@1.0.3", "", {}, "sha512-6rt+RN7aOi1nGMyC4Xa5DdYiukl2UWCbcJft7YhxReBGQD7OAM8Pbxw6YMo4r2diNEA8FEmu32YOn9rhaiE5yw=="],

    "tweetnacl-util": ["tweetnacl-util@0.15.1", "", {}, "sha512-RKJBIj8lySrShN4w6i/BonWp2Z/uxwC3h4y7xsRrpP59ZboCd0GpEVsOnMDYLMmKBpYhb5TgHzZXy7wTfYFBRw=="],

    "typescript": ["typescript@5.9.3", "", { "bin": { "tsc": "bin/tsc", "tsserver": "bin/tsserver" } }, "sha512-jl1vZzPDinLr9eUt3J/t7V6FgNEw9QjvBPdysz9KfQDD41fQrC2Y4vKQdiaUpFT4bXlb1RHhLpp8wtm6M5TgSw=="],

    "undici": ["undici@7.18.2", "", {}, "sha512-y+8YjDFzWdQlSE9N5nzKMT3g4a5UBX1HKowfdXh0uvAnTaqqwqB92Jt4UXBAeKekDs5IaDKyJFR4X1gYVCgXcw=="],

    "undici-types": ["undici-types@7.16.0", "", {}, "sha512-Zz+aZWSj8LE6zoxD+xrjh4VfkIG8Ya6LvYkZqtUQGJPZjYl53ypCaUwWqo7eI0x66KBGeRo+mlBEkMSeSZ38Nw=="],

    "unenv": ["unenv@2.0.0-rc.24", "", { "dependencies": { "pathe": "^2.0.3" } }, "sha512-i7qRCmY42zmCwnYlh9H2SvLEypEFGye5iRmEMKjcGi7zk9UquigRjFtTLz0TYqr0ZGLZhaMHl/foy1bZR+Cwlw=="],

    "workerd": ["workerd@1.20260128.0", "", { "optionalDependencies": { "@cloudflare/workerd-darwin-64": "1.20260128.0", "@cloudflare/workerd-darwin-arm64": "1.20260128.0", "@cloudflare/workerd-linux-64": "1.20260128.0", "@cloudflare/workerd-linux-arm64": "1.20260128.0", "@cloudflare/workerd-windows-64": "1.20260128.0" }, "bin": { "workerd": "bin/workerd" } }, "sha512-EhLJGptSGFi8AEErLiamO3PoGpbRqL+v4Ve36H2B38VxmDgFOSmDhfepBnA14sCQzGf1AEaoZX2DCwZsmO74yQ=="],

    "wrangler": ["wrangler@4.61.1", "", { "dependencies": { "@cloudflare/kv-asset-handler": "0.4.2", "@cloudflare/unenv-preset": "2.12.0", "blake3-wasm": "2.1.5", "esbuild": "0.27.0", "miniflare": "4.20260128.0", "path-to-regexp": "6.3.0", "unenv": "2.0.0-rc.24", "workerd": "1.20260128.0" }, "optionalDependencies": { "fsevents": "~2.3.2" }, "peerDependencies": { "@cloudflare/workers-types": "^4.20260128.0" }, "optionalPeers": ["@cloudflare/workers-types"], "bin": { "wrangler": "bin/wrangler.js", "wrangler2": "bin/wrangler.js" } }, "sha512-hfYQ16VLPkNi8xE1/V3052S2stM5e+vq3Idpt83sXoDC3R7R1CLgMkK6M6+Qp3G+9GVDNyHCkvohMPdfFTaD4Q=="],

    "ws": ["ws@8.18.0", "", { "peerDependencies": { "bufferutil": "^4.0.1", "utf-8-validate": ">=5.0.2" }, "optionalPeers": ["bufferutil", "utf-8-validate"] }, "sha512-8VbfWfHLbbwu3+N6OKsOMpBdT4kXPDDB9cJk2bJ6mh9ucxdlnNvH1e+roYkKmN9Nxw2yjz7VzeO9oOz2zJ04Pw=="],

    "youch": ["youch@4.1.0-beta.10", "", { "dependencies": { "@poppinss/colors": "^4.1.5", "@poppinss/dumper": "^0.6.4", "@speed-highlight/core": "^1.2.7", "cookie": "^1.0.2", "youch-core": "^0.3.3" } }, "sha512-rLfVLB4FgQneDr0dv1oddCVZmKjcJ6yX6mS4pU82Mq/Dt9a3cLZQ62pDBL4AUO+uVrCvtWz3ZFUL2HFAFJ/BXQ=="],

    "youch-core": ["youch-core@0.3.3", "", { "dependencies": { "@poppinss/exception": "^1.2.2", "error-stack-parser-es": "^1.0.5" } }, "sha512-ho7XuGjLaJ2hWHoK8yFnsUGy2Y5uDpqSTq1FkHLK4/oqKtyUU1AFbOOxY4IpC9f0fTLjwYbslUz0Po5BpD1wrA=="],

    "@metamask/eth-sig-util/bn.js": ["bn.js@4.12.2", "", {}, "sha512-n4DSx829VRTRByMRGdjQ9iqsN0Bh4OolPsFnaZBLcbi8iXcB+kJ9s7EnRt4wILZNV3kPLHkRVfOc/HvhC3ovDw=="],

    "elliptic/bn.js": ["bn.js@4.12.2", "", {}, "sha512-n4DSx829VRTRByMRGdjQ9iqsN0Bh4OolPsFnaZBLcbi8iXcB+kJ9s7EnRt4wILZNV3kPLHkRVfOc/HvhC3ovDw=="],
  }
}
